
Microsoft Visual Studio Solution File, Format Version 12.00
# Visual Studio Version 17
VisualStudioVersion = 17.4.33213.308
MinimumVisualStudioVersion = 10.0.40219.1
Project("{F184B08F-C81C-45F6-A57F-5ABD9991F28F}") = "Excercise2", "Excercise2.vbproj", "{EBB43F39-4893-4FAD-8805-6E74E74F98FB}"
EndProject
Global
	GlobalSection(SolutionConfigurationPlatforms) = preSolution
		Debug|Any CPU = Debug|Any CPU
		Release|Any CPU = Release|Any CPU
	EndGlobalSection
	GlobalSection(ProjectConfigurationPlatforms) = postSolution
		{EBB43F39-4893-4FAD-8805-6E74E74F98FB}.Debug|Any CPU.ActiveCfg = Debug|Any CPU
		{EBB43F39-4893-4FAD-8805-6E74E74F98FB}.Debug|Any CPU.Build.0 = Debug|Any CPU
		{EBB43F39-4893-4FAD-8805-6E74E74F98FB}.Release|Any CPU.ActiveCfg = Release|Any CPU
		{EBB43F39-4893-4FAD-8805-6E74E74F98FB}.Release|Any CPU.Build.0 = Release|Any CPU
	EndGlobalSection
	GlobalSection(SolutionProperties) = preSolution
		HideSolutionNode = FALSE
	EndGlobalSection
	GlobalSection(ExtensibilityGlobals) = postSolution
		SolutionGuid = {7698EDFB-07B7-4979-879E-8242DCF1866A}
	EndGlobalSection
EndGlobal
